
Microsoft Visual Studio Solution File, Format Version 12.00
# Visual Studio Version 16
VisualStudioVersion = 16.0.32901.82
MinimumVisualStudioVersion = 10.0.40219.1
Project("{FAE04EC0-301F-11D3-BF4B-00C04F79EFBC}") = "Sudoku", "Sudoku\Sudoku.csproj", "{C45C2318-20FF-4F65-A533-76D0B1423451}"
EndProject
Project("{FAE04EC0-301F-11D3-BF4B-00C04F79EFBC}") = "ClassSudoku", "ClassSudoku\ClassSudoku.csproj", "{074EC556-565F-4ED0-9A56-C90A82A6D6D3}"
EndProject
Global
	GlobalSection(SolutionConfigurationPlatforms) = preSolution
		Debug|Any CPU = Debug|Any CPU
		Release|Any CPU = Release|Any CPU
	EndGlobalSection
	GlobalSection(ProjectConfigurationPlatforms) = postSolution
		{C45C2318-20FF-4F65-A533-76D0B1423451}.Debug|Any CPU.ActiveCfg = Debug|Any CPU
		{C45C2318-20FF-4F65-A533-76D0B1423451}.Debug|Any CPU.Build.0 = Debug|Any CPU
		{C45C2318-20FF-4F65-A533-76D0B1423451}.Release|Any CPU.ActiveCfg = Release|Any CPU
		{C45C2318-20FF-4F65-A533-76D0B1423451}.Release|Any CPU.Build.0 = Release|Any CPU
		{074EC556-565F-4ED0-9A56-C90A82A6D6D3}.Debug|Any CPU.ActiveCfg = Debug|Any CPU
		{074EC556-565F-4ED0-9A56-C90A82A6D6D3}.Debug|Any CPU.Build.0 = Debug|Any CPU
		{074EC556-565F-4ED0-9A56-C90A82A6D6D3}.Release|Any CPU.ActiveCfg = Release|Any CPU
		{074EC556-565F-4ED0-9A56-C90A82A6D6D3}.Release|Any CPU.Build.0 = Release|Any CPU
	EndGlobalSection
	GlobalSection(SolutionProperties) = preSolution
		HideSolutionNode = FALSE
	EndGlobalSection
	GlobalSection(ExtensibilityGlobals) = postSolution
		SolutionGuid = {7B12AE7A-750D-4A26-BB56-BD16E8A24275}
	EndGlobalSection
EndGlobal
